
Microsoft Visual Studio Solution File, Format Version 12.00
# Visual Studio Version 17
VisualStudioVersion = 17.8.34309.116
MinimumVisualStudioVersion = 10.0.40219.1
Project("{F184B08F-C81C-45F6-A57F-5ABD9991F28F}") = "UIAutomationTestingExample", "UIAutomationTestingExample\UIAutomationTestingExample.vbproj", "{A259D4F3-22C3-4645-B846-9F4A3EA38010}"
EndProject
Project("{F184B08F-C81C-45F6-A57F-5ABD9991F28F}") = "TestRunner", "TestRunner\TestRunner.vbproj", "{5B5A2AB0-3C42-4B33-8F85-BD256C659ACF}"
EndProject
Global
	GlobalSection(SolutionConfigurationPlatforms) = preSolution
		Debug|Any CPU = Debug|Any CPU
		Release|Any CPU = Release|Any CPU
	EndGlobalSection
	GlobalSection(ProjectConfigurationPlatforms) = postSolution
		{A259D4F3-22C3-4645-B846-9F4A3EA38010}.Debug|Any CPU.ActiveCfg = Debug|Any CPU
		{A259D4F3-22C3-4645-B846-9F4A3EA38010}.Debug|Any CPU.Build.0 = Debug|Any CPU
		{A259D4F3-22C3-4645-B846-9F4A3EA38010}.Release|Any CPU.ActiveCfg = Release|Any CPU
		{A259D4F3-22C3-4645-B846-9F4A3EA38010}.Release|Any CPU.Build.0 = Release|Any CPU
		{5B5A2AB0-3C42-4B33-8F85-BD256C659ACF}.Debug|Any CPU.ActiveCfg = Debug|Any CPU
		{5B5A2AB0-3C42-4B33-8F85-BD256C659ACF}.Debug|Any CPU.Build.0 = Debug|Any CPU
		{5B5A2AB0-3C42-4B33-8F85-BD256C659ACF}.Release|Any CPU.ActiveCfg = Release|Any CPU
		{5B5A2AB0-3C42-4B33-8F85-BD256C659ACF}.Release|Any CPU.Build.0 = Release|Any CPU
	EndGlobalSection
	GlobalSection(SolutionProperties) = preSolution
		HideSolutionNode = FALSE
	EndGlobalSection
	GlobalSection(ExtensibilityGlobals) = postSolution
		SolutionGuid = {C0ADE6A4-FAE5-4BF8-B50E-026B64D5C1F1}
	EndGlobalSection
EndGlobal
